
Microsoft Visual Studio Solution File, Format Version 12.00
# Visual Studio Version 18
VisualStudioVersion = 18.3.11415.281
MinimumVisualStudioVersion = 10.0.40219.1
Project("{FAE04EC0-301F-11D3-BF4B-00C04F79EFBC}") = "CodeWars", "src\CodeWars.csproj", "{1D1F00DB-A00A-475F-BC51-200ACA4CC39D}"
EndProject
Project("{FAE04EC0-301F-11D3-BF4B-00C04F79EFBC}") = "CodeWarsTest", "test\CodeWarsTest\CodeWarsTest.csproj", "{0021A071-79E0-4DF6-95E0-FE4F49284715}"
EndProject
Global
	GlobalSection(SolutionConfigurationPlatforms) = preSolution
		Debug|Any CPU = Debug|Any CPU
		Release|Any CPU = Release|Any CPU
	EndGlobalSection
	GlobalSection(ProjectConfigurationPlatforms) = postSolution
		{1D1F00DB-A00A-475F-BC51-200ACA4CC39D}.Debug|Any CPU.ActiveCfg = Debug|Any CPU
		{1D1F00DB-A00A-475F-BC51-200ACA4CC39D}.Debug|Any CPU.Build.0 = Debug|Any CPU
		{1D1F00DB-A00A-475F-BC51-200ACA4CC39D}.Release|Any CPU.ActiveCfg = Release|Any CPU
		{1D1F00DB-A00A-475F-BC51-200ACA4CC39D}.Release|Any CPU.Build.0 = Release|Any CPU
		{0021A071-79E0-4DF6-95E0-FE4F49284715}.Debug|Any CPU.ActiveCfg = Debug|Any CPU
		{0021A071-79E0-4DF6-95E0-FE4F49284715}.Debug|Any CPU.Build.0 = Debug|Any CPU
		{0021A071-79E0-4DF6-95E0-FE4F49284715}.Release|Any CPU.ActiveCfg = Release|Any CPU
		{0021A071-79E0-4DF6-95E0-FE4F49284715}.Release|Any CPU.Build.0 = Release|Any CPU
	EndGlobalSection
	GlobalSection(SolutionProperties) = preSolution
		HideSolutionNode = FALSE
	EndGlobalSection
	GlobalSection(ExtensibilityGlobals) = postSolution
		SolutionGuid = {A4B18DA1-8F73-45A3-A43D-9CBA1C944AF6}
	EndGlobalSection
EndGlobal
