
Microsoft Visual Studio Solution File, Format Version 12.00
# Visual Studio Version 17
VisualStudioVersion = 17.14.36109.1 d17.14
MinimumVisualStudioVersion = 10.0.40219.1
Project("{FAE04EC0-301F-11D3-BF4B-00C04F79EFBC}") = "BeeCrowd", "BeeCrowd.csproj", "{3DD0B8AD-399C-4A25-89F8-F0E86AD69BE7}"
EndProject
Global
	GlobalSection(SolutionConfigurationPlatforms) = preSolution
		Debug|Any CPU = Debug|Any CPU
		Release|Any CPU = Release|Any CPU
	EndGlobalSection
	GlobalSection(ProjectConfigurationPlatforms) = postSolution
		{3DD0B8AD-399C-4A25-89F8-F0E86AD69BE7}.Debug|Any CPU.ActiveCfg = Debug|Any CPU
		{3DD0B8AD-399C-4A25-89F8-F0E86AD69BE7}.Debug|Any CPU.Build.0 = Debug|Any CPU
		{3DD0B8AD-399C-4A25-89F8-F0E86AD69BE7}.Release|Any CPU.ActiveCfg = Release|Any CPU
		{3DD0B8AD-399C-4A25-89F8-F0E86AD69BE7}.Release|Any CPU.Build.0 = Release|Any CPU
	EndGlobalSection
	GlobalSection(SolutionProperties) = preSolution
		HideSolutionNode = FALSE
	EndGlobalSection
	GlobalSection(ExtensibilityGlobals) = postSolution
		SolutionGuid = {0A967A2F-4703-4C5B-BF4F-27C7D1F6D426}
	EndGlobalSection
EndGlobal
