
Microsoft Visual Studio Solution File, Format Version 12.00
# Visual Studio Version 17
VisualStudioVersion = 17.9.34728.123
MinimumVisualStudioVersion = 10.0.40219.1
Project("{9A19103F-16F7-4668-BE54-9A1E7A4F7556}") = "Beecrowd", "Beecrowd.csproj", "{8A4EA0AB-7E26-4EF5-BDCE-C1293C19A617}"
EndProject
Project("{FAE04EC0-301F-11D3-BF4B-00C04F79EFBC}") = "Hackerrank", "..\Hackerrank\Hackerrank.csproj", "{C2FCB53F-8798-46DF-A05C-A40EBA561E60}"
EndProject
Global
	GlobalSection(SolutionConfigurationPlatforms) = preSolution
		Debug|Any CPU = Debug|Any CPU
		Release|Any CPU = Release|Any CPU
	EndGlobalSection
	GlobalSection(ProjectConfigurationPlatforms) = postSolution
		{8A4EA0AB-7E26-4EF5-BDCE-C1293C19A617}.Debug|Any CPU.ActiveCfg = Debug|Any CPU
		{8A4EA0AB-7E26-4EF5-BDCE-C1293C19A617}.Debug|Any CPU.Build.0 = Debug|Any CPU
		{8A4EA0AB-7E26-4EF5-BDCE-C1293C19A617}.Release|Any CPU.ActiveCfg = Release|Any CPU
		{8A4EA0AB-7E26-4EF5-BDCE-C1293C19A617}.Release|Any CPU.Build.0 = Release|Any CPU
		{C2FCB53F-8798-46DF-A05C-A40EBA561E60}.Debug|Any CPU.ActiveCfg = Debug|Any CPU
		{C2FCB53F-8798-46DF-A05C-A40EBA561E60}.Debug|Any CPU.Build.0 = Debug|Any CPU
		{C2FCB53F-8798-46DF-A05C-A40EBA561E60}.Release|Any CPU.ActiveCfg = Release|Any CPU
		{C2FCB53F-8798-46DF-A05C-A40EBA561E60}.Release|Any CPU.Build.0 = Release|Any CPU
	EndGlobalSection
	GlobalSection(SolutionProperties) = preSolution
		HideSolutionNode = FALSE
	EndGlobalSection
	GlobalSection(ExtensibilityGlobals) = postSolution
		SolutionGuid = {4AF87406-63D2-4F25-9C51-2C35C774BBFC}
	EndGlobalSection
EndGlobal
